
Microsoft Visual Studio Solution File, Format Version 12.00
# Visual Studio Version 17
VisualStudioVersion = 17.14.36202.13 d17.14
MinimumVisualStudioVersion = 10.0.40219.1
Project("{FAE04EC0-301F-11D3-BF4B-00C04F79EFBC}") = "sean", "sean\sean.csproj", "{A3DE6E93-1778-4438-9DC3-F036E683E0F2}"
EndProject
Global
	GlobalSection(SolutionConfigurationPlatforms) = preSolution
		Debug|Any CPU = Debug|Any CPU
		Release|Any CPU = Release|Any CPU
	EndGlobalSection
	GlobalSection(ProjectConfigurationPlatforms) = postSolution
		{A3DE6E93-1778-4438-9DC3-F036E683E0F2}.Debug|Any CPU.ActiveCfg = Debug|Any CPU
		{A3DE6E93-1778-4438-9DC3-F036E683E0F2}.Debug|Any CPU.Build.0 = Debug|Any CPU
		{A3DE6E93-1778-4438-9DC3-F036E683E0F2}.Release|Any CPU.ActiveCfg = Release|Any CPU
		{A3DE6E93-1778-4438-9DC3-F036E683E0F2}.Release|Any CPU.Build.0 = Release|Any CPU
	EndGlobalSection
	GlobalSection(SolutionProperties) = preSolution
		HideSolutionNode = FALSE
	EndGlobalSection
	GlobalSection(ExtensibilityGlobals) = postSolution
		SolutionGuid = {DFDB978B-F95E-4091-B4DA-604ABFC9D4A6}
	EndGlobalSection
EndGlobal
